
Microsoft Visual Studio Solution File, Format Version 12.00
# Visual Studio 15
VisualStudioVersion = 15.0.26730.16
MinimumVisualStudioVersion = 10.0.40219.1
Project("{9A19103F-16F7-4668-BE54-9A1E7A4F7556}") = "Folium.Ui", "Folium.Ui\Folium.Ui.csproj", "{23F3E321-28C2-4CE3-B7D7-2269FD5F34C8}"
EndProject
Project("{9A19103F-16F7-4668-BE54-9A1E7A4F7556}") = "Folium.Api", "Folium.Api\Folium.Api.csproj", "{DA675C85-4A65-4169-A40A-D9764D1C3B7E}"
EndProject
Global
	GlobalSection(SolutionConfigurationPlatforms) = preSolution
		Debug|Any CPU = Debug|Any CPU
		Release|Any CPU = Release|Any CPU
	EndGlobalSection
	GlobalSection(ProjectConfigurationPlatforms) = postSolution
		{23F3E321-28C2-4CE3-B7D7-2269FD5F34C8}.Debug|Any CPU.ActiveCfg = Debug|Any CPU
		{23F3E321-28C2-4CE3-B7D7-2269FD5F34C8}.Debug|Any CPU.Build.0 = Debug|Any CPU
		{23F3E321-28C2-4CE3-B7D7-2269FD5F34C8}.Release|Any CPU.ActiveCfg = Release|Any CPU
		{23F3E321-28C2-4CE3-B7D7-2269FD5F34C8}.Release|Any CPU.Build.0 = Release|Any CPU
		{DA675C85-4A65-4169-A40A-D9764D1C3B7E}.Debug|Any CPU.ActiveCfg = Debug|Any CPU
		{DA675C85-4A65-4169-A40A-D9764D1C3B7E}.Debug|Any CPU.Build.0 = Debug|Any CPU
		{DA675C85-4A65-4169-A40A-D9764D1C3B7E}.Release|Any CPU.ActiveCfg = Release|Any CPU
		{DA675C85-4A65-4169-A40A-D9764D1C3B7E}.Release|Any CPU.Build.0 = Release|Any CPU
	EndGlobalSection
	GlobalSection(SolutionProperties) = preSolution
		HideSolutionNode = FALSE
	EndGlobalSection
	GlobalSection(ExtensibilityGlobals) = postSolution
		SolutionGuid = {026EB70E-DCCD-4AB7-8DE8-8D2E4E24FA32}
	EndGlobalSection
EndGlobal
